
Microsoft Visual Studio Solution File, Format Version 12.00
# Visual Studio 15
VisualStudioVersion = 15.0.27130.2027
MinimumVisualStudioVersion = 10.0.40219.1
Project("{FAE04EC0-301F-11D3-BF4B-00C04F79EFBC}") = "Task2", "Task2\Task2.csproj", "{F8FD6773-C949-4378-A960-182199EA3F1F}"
EndProject
Project("{FAE04EC0-301F-11D3-BF4B-00C04F79EFBC}") = "Task1", "Task1\Task1.csproj", "{7BFC9C59-CEB9-467E-B9D1-A3D4CEE932C6}"
EndProject
Project("{FAE04EC0-301F-11D3-BF4B-00C04F79EFBC}") = "Task3", "Task3\Task3.csproj", "{70963756-286C-4FBF-A355-487A618B958E}"
EndProject
Project("{FAE04EC0-301F-11D3-BF4B-00C04F79EFBC}") = "Task1Library", "Task1Library\Task1Library.csproj", "{EA1A53F2-FD37-4FA3-9C99-86C60B7F8716}"
EndProject
Global
	GlobalSection(SolutionConfigurationPlatforms) = preSolution
		Debug|Any CPU = Debug|Any CPU
		Release|Any CPU = Release|Any CPU
	EndGlobalSection
	GlobalSection(ProjectConfigurationPlatforms) = postSolution
		{F8FD6773-C949-4378-A960-182199EA3F1F}.Debug|Any CPU.ActiveCfg = Debug|Any CPU
		{F8FD6773-C949-4378-A960-182199EA3F1F}.Debug|Any CPU.Build.0 = Debug|Any CPU
		{F8FD6773-C949-4378-A960-182199EA3F1F}.Release|Any CPU.ActiveCfg = Release|Any CPU
		{F8FD6773-C949-4378-A960-182199EA3F1F}.Release|Any CPU.Build.0 = Release|Any CPU
		{7BFC9C59-CEB9-467E-B9D1-A3D4CEE932C6}.Debug|Any CPU.ActiveCfg = Debug|Any CPU
		{7BFC9C59-CEB9-467E-B9D1-A3D4CEE932C6}.Debug|Any CPU.Build.0 = Debug|Any CPU
		{7BFC9C59-CEB9-467E-B9D1-A3D4CEE932C6}.Release|Any CPU.ActiveCfg = Release|Any CPU
		{7BFC9C59-CEB9-467E-B9D1-A3D4CEE932C6}.Release|Any CPU.Build.0 = Release|Any CPU
		{70963756-286C-4FBF-A355-487A618B958E}.Debug|Any CPU.ActiveCfg = Debug|Any CPU
		{70963756-286C-4FBF-A355-487A618B958E}.Debug|Any CPU.Build.0 = Debug|Any CPU
		{70963756-286C-4FBF-A355-487A618B958E}.Release|Any CPU.ActiveCfg = Release|Any CPU
		{70963756-286C-4FBF-A355-487A618B958E}.Release|Any CPU.Build.0 = Release|Any CPU
		{EA1A53F2-FD37-4FA3-9C99-86C60B7F8716}.Debug|Any CPU.ActiveCfg = Debug|Any CPU
		{EA1A53F2-FD37-4FA3-9C99-86C60B7F8716}.Debug|Any CPU.Build.0 = Debug|Any CPU
		{EA1A53F2-FD37-4FA3-9C99-86C60B7F8716}.Release|Any CPU.ActiveCfg = Release|Any CPU
		{EA1A53F2-FD37-4FA3-9C99-86C60B7F8716}.Release|Any CPU.Build.0 = Release|Any CPU
	EndGlobalSection
	GlobalSection(SolutionProperties) = preSolution
		HideSolutionNode = FALSE
	EndGlobalSection
	GlobalSection(ExtensibilityGlobals) = postSolution
		SolutionGuid = {E3704219-0A25-4379-B3D0-803960ABBE6E}
	EndGlobalSection
EndGlobal
