
Microsoft Visual Studio Solution File, Format Version 12.00
# Visual Studio 15
VisualStudioVersion = 15.0.27130.2027
MinimumVisualStudioVersion = 10.0.40219.1
Project("{FAE04EC0-301F-11D3-BF4B-00C04F79EFBC}") = "Task1", "Task1\Task1.csproj", "{E6EB02EB-0272-4C55-909F-DC4011BB4EEF}"
EndProject
Global
	GlobalSection(SolutionConfigurationPlatforms) = preSolution
		Debug|Any CPU = Debug|Any CPU
		Release|Any CPU = Release|Any CPU
	EndGlobalSection
	GlobalSection(ProjectConfigurationPlatforms) = postSolution
		{E6EB02EB-0272-4C55-909F-DC4011BB4EEF}.Debug|Any CPU.ActiveCfg = Debug|Any CPU
		{E6EB02EB-0272-4C55-909F-DC4011BB4EEF}.Debug|Any CPU.Build.0 = Debug|Any CPU
		{E6EB02EB-0272-4C55-909F-DC4011BB4EEF}.Release|Any CPU.ActiveCfg = Release|Any CPU
		{E6EB02EB-0272-4C55-909F-DC4011BB4EEF}.Release|Any CPU.Build.0 = Release|Any CPU
	EndGlobalSection
	GlobalSection(SolutionProperties) = preSolution
		HideSolutionNode = FALSE
	EndGlobalSection
	GlobalSection(ExtensibilityGlobals) = postSolution
		SolutionGuid = {C50A71FC-CF4D-4115-A240-746EFEA9C705}
	EndGlobalSection
EndGlobal
