
Microsoft Visual Studio Solution File, Format Version 12.00
# Visual Studio 15
VisualStudioVersion = 15.0.27130.2027
MinimumVisualStudioVersion = 10.0.40219.1
Project("{FAE04EC0-301F-11D3-BF4B-00C04F79EFBC}") = "Task1", "Task1\Task1.csproj", "{B6A6F915-0BC9-4E21-9EDC-C08107615201}"
EndProject
Project("{FAE04EC0-301F-11D3-BF4B-00C04F79EFBC}") = "Task2", "Task2\Task2.csproj", "{63301CF4-93B0-4E9B-8FE4-0BF645F120C0}"
EndProject
Project("{FAE04EC0-301F-11D3-BF4B-00C04F79EFBC}") = "Task3", "Task3\Task3.csproj", "{3F16AD1B-FEF6-4F2A-A595-E908F9E42B02}"
EndProject
Project("{FAE04EC0-301F-11D3-BF4B-00C04F79EFBC}") = "Task4", "Task4\Task4.csproj", "{D88EE526-DFE5-48BE-9C51-2493F163835C}"
EndProject
Project("{FAE04EC0-301F-11D3-BF4B-00C04F79EFBC}") = "Task5", "Task5\Task5.csproj", "{86FDEB42-1CD3-41E1-AAB0-3BAE0ABB098B}"
EndProject
Global
	GlobalSection(SolutionConfigurationPlatforms) = preSolution
		Debug|Any CPU = Debug|Any CPU
		Release|Any CPU = Release|Any CPU
	EndGlobalSection
	GlobalSection(ProjectConfigurationPlatforms) = postSolution
		{B6A6F915-0BC9-4E21-9EDC-C08107615201}.Debug|Any CPU.ActiveCfg = Debug|Any CPU
		{B6A6F915-0BC9-4E21-9EDC-C08107615201}.Debug|Any CPU.Build.0 = Debug|Any CPU
		{B6A6F915-0BC9-4E21-9EDC-C08107615201}.Release|Any CPU.ActiveCfg = Release|Any CPU
		{B6A6F915-0BC9-4E21-9EDC-C08107615201}.Release|Any CPU.Build.0 = Release|Any CPU
		{63301CF4-93B0-4E9B-8FE4-0BF645F120C0}.Debug|Any CPU.ActiveCfg = Debug|Any CPU
		{63301CF4-93B0-4E9B-8FE4-0BF645F120C0}.Debug|Any CPU.Build.0 = Debug|Any CPU
		{63301CF4-93B0-4E9B-8FE4-0BF645F120C0}.Release|Any CPU.ActiveCfg = Release|Any CPU
		{63301CF4-93B0-4E9B-8FE4-0BF645F120C0}.Release|Any CPU.Build.0 = Release|Any CPU
		{3F16AD1B-FEF6-4F2A-A595-E908F9E42B02}.Debug|Any CPU.ActiveCfg = Debug|Any CPU
		{3F16AD1B-FEF6-4F2A-A595-E908F9E42B02}.Debug|Any CPU.Build.0 = Debug|Any CPU
		{3F16AD1B-FEF6-4F2A-A595-E908F9E42B02}.Release|Any CPU.ActiveCfg = Release|Any CPU
		{3F16AD1B-FEF6-4F2A-A595-E908F9E42B02}.Release|Any CPU.Build.0 = Release|Any CPU
		{D88EE526-DFE5-48BE-9C51-2493F163835C}.Debug|Any CPU.ActiveCfg = Debug|Any CPU
		{D88EE526-DFE5-48BE-9C51-2493F163835C}.Debug|Any CPU.Build.0 = Debug|Any CPU
		{D88EE526-DFE5-48BE-9C51-2493F163835C}.Release|Any CPU.ActiveCfg = Release|Any CPU
		{D88EE526-DFE5-48BE-9C51-2493F163835C}.Release|Any CPU.Build.0 = Release|Any CPU
		{86FDEB42-1CD3-41E1-AAB0-3BAE0ABB098B}.Debug|Any CPU.ActiveCfg = Debug|Any CPU
		{86FDEB42-1CD3-41E1-AAB0-3BAE0ABB098B}.Debug|Any CPU.Build.0 = Debug|Any CPU
		{86FDEB42-1CD3-41E1-AAB0-3BAE0ABB098B}.Release|Any CPU.ActiveCfg = Release|Any CPU
		{86FDEB42-1CD3-41E1-AAB0-3BAE0ABB098B}.Release|Any CPU.Build.0 = Release|Any CPU
	EndGlobalSection
	GlobalSection(SolutionProperties) = preSolution
		HideSolutionNode = FALSE
	EndGlobalSection
	GlobalSection(ExtensibilityGlobals) = postSolution
		SolutionGuid = {7978063C-A533-49B7-9002-DDDAF9D4E01B}
	EndGlobalSection
EndGlobal
